
Microsoft Visual Studio Solution File, Format Version 12.00
# Visual Studio Version 17
VisualStudioVersion = 17.5.002.0
MinimumVisualStudioVersion = 10.0.40219.1
Project("{9A19103F-16F7-4668-BE54-9A1E7A4F7556}") = "WordSearch", "WordSearch.csproj", "{011AF10C-83A6-4154-BD1F-4EF31B31333E}"
EndProject
Global
	GlobalSection(SolutionConfigurationPlatforms) = preSolution
		Debug|Any CPU = Debug|Any CPU
		Release|Any CPU = Release|Any CPU
	EndGlobalSection
	GlobalSection(ProjectConfigurationPlatforms) = postSolution
		{011AF10C-83A6-4154-BD1F-4EF31B31333E}.Debug|Any CPU.ActiveCfg = Debug|Any CPU
		{011AF10C-83A6-4154-BD1F-4EF31B31333E}.Debug|Any CPU.Build.0 = Debug|Any CPU
		{011AF10C-83A6-4154-BD1F-4EF31B31333E}.Release|Any CPU.ActiveCfg = Release|Any CPU
		{011AF10C-83A6-4154-BD1F-4EF31B31333E}.Release|Any CPU.Build.0 = Release|Any CPU
	EndGlobalSection
	GlobalSection(SolutionProperties) = preSolution
		HideSolutionNode = FALSE
	EndGlobalSection
	GlobalSection(ExtensibilityGlobals) = postSolution
		SolutionGuid = {33440009-1FE0-4DE3-9C27-3C14A3E7A946}
	EndGlobalSection
EndGlobal
